// !$*UTF8*$!
{
	archiveVersion = 1;
	classes = {
	};
	objectVersion = 52;
	objects = {

/* Begin PBXBuildFile section */
		520F1A1B273DDB6000627059 /* Assets.xcassets in Resources */ = {isa = PBXBuildFile; fileRef = 520F1A1A273DDB6000627059 /* Assets.xcassets */; };
		52135CCE2763E9F800E8D3F9 /* Synthesizer.swift in Sources */ = {isa = PBXBuildFile; fileRef = 52135CCD2763E9F800E8D3F9 /* Synthesizer.swift */; };
		52135CD127640A5F00E8D3F9 /* PWMSynthesizer.swift in Sources */ = {isa = PBXBuildFile; fileRef = 52135CD027640A5F00E8D3F9 /* PWMSynthesizer.swift */; };
		521987E3275BE3D80007542C /* Array+Extension.swift in Sources */ = {isa = PBXBuildFile; fileRef = 521987E2275BE3D80007542C /* Array+Extension.swift */; };
		521A38122766DD100070FF70 /* CustomSlider.swift in Sources */ = {isa = PBXBuildFile; fileRef = 521A38112766DD100070FF70 /* CustomSlider.swift */; };
		52271E7D272402D00012EF96 /* TrackType.swift in Sources */ = {isa = PBXBuildFile; fileRef = 52271E7C272402D00012EF96 /* TrackType.swift */; };
		52271E7F2724036F0012EF96 /* Date+Extension.swift in Sources */ = {isa = PBXBuildFile; fileRef = 52271E7E2724036F0012EF96 /* Date+Extension.swift */; };
		523415C32772B5CE002D6D00 /* MidiNoteData+Extension.swift in Sources */ = {isa = PBXBuildFile; fileRef = 523415C22772B5CE002D6D00 /* MidiNoteData+Extension.swift */; };
		5237FB4927287E3400B1912C /* RoundButton.swift in Sources */ = {isa = PBXBuildFile; fileRef = 5237FB4827287E3400B1912C /* RoundButton.swift */; };
		5239ACE5277BDEDB00A6CD66 /* SynthesizerManager.swift in Sources */ = {isa = PBXBuildFile; fileRef = 5239ACE4277BDEDB00A6CD66 /* SynthesizerManager.swift */; };
		5239ACE8277E080F00A6CD66 /* STKAudioKit in Frameworks */ = {isa = PBXBuildFile; productRef = 5239ACE7277E080F00A6CD66 /* STKAudioKit */; };
		5239ACEB277E084600A6CD66 /* SoundpipeAudioKit in Frameworks */ = {isa = PBXBuildFile; productRef = 5239ACEA277E084600A6CD66 /* SoundpipeAudioKit */; };
		523D682D2741BB4D00E6FEEE /* AVMutableCompositionTrack+Extension.swift in Sources */ = {isa = PBXBuildFile; fileRef = 523D682C2741BB4D00E6FEEE /* AVMutableCompositionTrack+Extension.swift */; };
		5251DDA426EBDB22004BF9EA /* AudioRecorderManager.swift in Sources */ = {isa = PBXBuildFile; fileRef = 5251DDA326EBDB22004BF9EA /* AudioRecorderManager.swift */; };
		526CD0412727602C006A1772 /* ApplicationState.swift in Sources */ = {isa = PBXBuildFile; fileRef = 526CD0402727602C006A1772 /* ApplicationState.swift */; };
		526CD0422727602C006A1772 /* ApplicationState.swift in Sources */ = {isa = PBXBuildFile; fileRef = 526CD0402727602C006A1772 /* ApplicationState.swift */; };
		526CD0432727602C006A1772 /* ApplicationState.swift in Sources */ = {isa = PBXBuildFile; fileRef = 526CD0402727602C006A1772 /* ApplicationState.swift */; };
		528AC19F2767CA8400F0270A /* WaveMorphedSynthesizer.swift in Sources */ = {isa = PBXBuildFile; fileRef = 528AC19E2767CA8400F0270A /* WaveMorphedSynthesizer.swift */; };
		528AC1A12767CE8000F0270A /* PhaseDisortedSynth.swift in Sources */ = {isa = PBXBuildFile; fileRef = 528AC1A02767CE8000F0270A /* PhaseDisortedSynth.swift */; };
		528AC1A32768034E00F0270A /* BiggerButton.swift in Sources */ = {isa = PBXBuildFile; fileRef = 528AC1A22768034E00F0270A /* BiggerButton.swift */; };
		528AC1A52768035D00F0270A /* DarkButtonDynamic.swift in Sources */ = {isa = PBXBuildFile; fileRef = 528AC1A42768035D00F0270A /* DarkButtonDynamic.swift */; };
		528AC1AB276816E600F0270A /* ProgressBar.swift in Sources */ = {isa = PBXBuildFile; fileRef = 528AC1AA276816E600F0270A /* ProgressBar.swift */; };
		528BD0FE2753B0070038F231 /* MidiConverter.swift in Sources */ = {isa = PBXBuildFile; fileRef = 528BD0FD2753B0070038F231 /* MidiConverter.swift */; };
		529805AF274950C7002F6158 /* Binding+Extension.swift in Sources */ = {isa = PBXBuildFile; fileRef = 529805AE274950C7002F6158 /* Binding+Extension.swift */; };
		52B3C68826E6E0E0001A33B1 /* MusicNotepadApp.swift in Sources */ = {isa = PBXBuildFile; fileRef = 52B3C68726E6E0E0001A33B1 /* MusicNotepadApp.swift */; };
		52B3C68A26E6E0E0001A33B1 /* ContentView.swift in Sources */ = {isa = PBXBuildFile; fileRef = 52B3C68926E6E0E0001A33B1 /* ContentView.swift */; };
		52B3C68C26E6E0E2001A33B1 /* Contents.json in Resources */ = {isa = PBXBuildFile; fileRef = 52B3C68B26E6E0E2001A33B1 /* Contents.json */; };
		52B3C68F26E6E0E2001A33B1 /* Preview Assets.xcassets in Resources */ = {isa = PBXBuildFile; fileRef = 52B3C68E26E6E0E2001A33B1 /* Preview Assets.xcassets */; };
		52B3C69A26E6E0E2001A33B1 /* MusicNotepadTests.swift in Sources */ = {isa = PBXBuildFile; fileRef = 52B3C69926E6E0E2001A33B1 /* MusicNotepadTests.swift */; };
		52B3C6A526E6E0E2001A33B1 /* MusicNotepadUITests.swift in Sources */ = {isa = PBXBuildFile; fileRef = 52B3C6A426E6E0E2001A33B1 /* MusicNotepadUITests.swift */; };
		52B9118F27511CE800905B6B /* InstrumentSettings.swift in Sources */ = {isa = PBXBuildFile; fileRef = 52B9118E27511CE800905B6B /* InstrumentSettings.swift */; };
		52B9119127512EC800905B6B /* UINavigationBar+Extension.swift in Sources */ = {isa = PBXBuildFile; fileRef = 52B9119027512EC800905B6B /* UINavigationBar+Extension.swift */; };
		52C85AC026E7D0C60086844D /* UIScreen+Extension.swift in Sources */ = {isa = PBXBuildFile; fileRef = 52C85ABF26E7D0C60086844D /* UIScreen+Extension.swift */; };
		52CCEEA0274A549A00258EFA /* FilesManager.swift in Sources */ = {isa = PBXBuildFile; fileRef = 52CCEE9F274A549A00258EFA /* FilesManager.swift */; };
		52F08CF2276F415600C436FD /* MidiView.swift in Sources */ = {isa = PBXBuildFile; fileRef = 52F08CF1276F415600C436FD /* MidiView.swift */; };
		52F08CFF276F446500C436FD /* AudioKitUI in Frameworks */ = {isa = PBXBuildFile; productRef = 52F08CFE276F446500C436FD /* AudioKitUI */; };
		52F54CA327411E8200E3DA6C /* AudioManager.swift in Sources */ = {isa = PBXBuildFile; fileRef = 52F54CA227411E8200E3DA6C /* AudioManager.swift */; };
/* End PBXBuildFile section */

/* Begin PBXContainerItemProxy section */
		52B3C69626E6E0E2001A33B1 /* PBXContainerItemProxy */ = {
			isa = PBXContainerItemProxy;
			containerPortal = 52B3C67C26E6E0E0001A33B1 /* Project object */;
			proxyType = 1;
			remoteGlobalIDString = 52B3C68326E6E0E0001A33B1;
			remoteInfo = MusicNotepad;
		};
		52B3C6A126E6E0E2001A33B1 /* PBXContainerItemProxy */ = {
			isa = PBXContainerItemProxy;
			containerPortal = 52B3C67C26E6E0E0001A33B1 /* Project object */;
			proxyType = 1;
			remoteGlobalIDString = 52B3C68326E6E0E0001A33B1;
			remoteInfo = MusicNotepad;
		};
/* End PBXContainerItemProxy section */

/* Begin PBXFileReference section */
		520F1A1A273DDB6000627059 /* Assets.xcassets */ = {isa = PBXFileReference; lastKnownFileType = folder.assetcatalog; path = Assets.xcassets; sourceTree = "<group>"; };
		52135CCD2763E9F800E8D3F9 /* Synthesizer.swift */ = {isa = PBXFileReference; lastKnownFileType = sourcecode.swift; path = Synthesizer.swift; sourceTree = "<group>"; };
		52135CD027640A5F00E8D3F9 /* PWMSynthesizer.swift */ = {isa = PBXFileReference; lastKnownFileType = sourcecode.swift; path = PWMSynthesizer.swift; sourceTree = "<group>"; };
		521987E2275BE3D80007542C /* Array+Extension.swift */ = {isa = PBXFileReference; lastKnownFileType = sourcecode.swift; path = "Array+Extension.swift"; sourceTree = "<group>"; };
		521A38112766DD100070FF70 /* CustomSlider.swift */ = {isa = PBXFileReference; lastKnownFileType = sourcecode.swift; path = CustomSlider.swift; sourceTree = "<group>"; };
		52271E7C272402D00012EF96 /* TrackType.swift */ = {isa = PBXFileReference; lastKnownFileType = sourcecode.swift; path = TrackType.swift; sourceTree = "<group>"; };
		52271E7E2724036F0012EF96 /* Date+Extension.swift */ = {isa = PBXFileReference; lastKnownFileType = sourcecode.swift; path = "Date+Extension.swift"; sourceTree = "<group>"; };
		523415C22772B5CE002D6D00 /* MidiNoteData+Extension.swift */ = {isa = PBXFileReference; lastKnownFileType = sourcecode.swift; path = "MidiNoteData+Extension.swift"; sourceTree = "<group>"; };
		5237FB4827287E3400B1912C /* RoundButton.swift */ = {isa = PBXFileReference; lastKnownFileType = sourcecode.swift; path = RoundButton.swift; sourceTree = "<group>"; };
		5239ACE4277BDEDB00A6CD66 /* SynthesizerManager.swift */ = {isa = PBXFileReference; lastKnownFileType = sourcecode.swift; path = SynthesizerManager.swift; sourceTree = "<group>"; };
		523D682C2741BB4D00E6FEEE /* AVMutableCompositionTrack+Extension.swift */ = {isa = PBXFileReference; lastKnownFileType = sourcecode.swift; path = "AVMutableCompositionTrack+Extension.swift"; sourceTree = "<group>"; };
		5251DDA326EBDB22004BF9EA /* AudioRecorderManager.swift */ = {isa = PBXFileReference; lastKnownFileType = sourcecode.swift; path = AudioRecorderManager.swift; sourceTree = "<group>"; };
		5254979E2755056D00EDFAC2 /* Accelerate.framework */ = {isa = PBXFileReference; lastKnownFileType = wrapper.framework; name = Accelerate.framework; path = System/Library/Frameworks/Accelerate.framework; sourceTree = SDKROOT; };
		526CD0402727602C006A1772 /* ApplicationState.swift */ = {isa = PBXFileReference; lastKnownFileType = sourcecode.swift; path = ApplicationState.swift; sourceTree = "<group>"; };
		528AC19E2767CA8400F0270A /* WaveMorphedSynthesizer.swift */ = {isa = PBXFileReference; lastKnownFileType = sourcecode.swift; path = WaveMorphedSynthesizer.swift; sourceTree = "<group>"; };
		528AC1A02767CE8000F0270A /* PhaseDisortedSynth.swift */ = {isa = PBXFileReference; lastKnownFileType = sourcecode.swift; path = PhaseDisortedSynth.swift; sourceTree = "<group>"; };
		528AC1A22768034E00F0270A /* BiggerButton.swift */ = {isa = PBXFileReference; lastKnownFileType = sourcecode.swift; path = BiggerButton.swift; sourceTree = "<group>"; };
		528AC1A42768035D00F0270A /* DarkButtonDynamic.swift */ = {isa = PBXFileReference; lastKnownFileType = sourcecode.swift; path = DarkButtonDynamic.swift; sourceTree = "<group>"; };
		528AC1AA276816E600F0270A /* ProgressBar.swift */ = {isa = PBXFileReference; lastKnownFileType = sourcecode.swift; path = ProgressBar.swift; sourceTree = "<group>"; };
		528BD0FD2753B0070038F231 /* MidiConverter.swift */ = {isa = PBXFileReference; lastKnownFileType = sourcecode.swift; path = MidiConverter.swift; sourceTree = "<group>"; };
		529805AE274950C7002F6158 /* Binding+Extension.swift */ = {isa = PBXFileReference; lastKnownFileType = sourcecode.swift; path = "Binding+Extension.swift"; sourceTree = "<group>"; };
		52B3C68426E6E0E0001A33B1 /* MusicNotepad.app */ = {isa = PBXFileReference; explicitFileType = wrapper.application; includeInIndex = 0; path = MusicNotepad.app; sourceTree = BUILT_PRODUCTS_DIR; };
		52B3C68726E6E0E0001A33B1 /* MusicNotepadApp.swift */ = {isa = PBXFileReference; lastKnownFileType = sourcecode.swift; path = MusicNotepadApp.swift; sourceTree = "<group>"; };
		52B3C68926E6E0E0001A33B1 /* ContentView.swift */ = {isa = PBXFileReference; lastKnownFileType = sourcecode.swift; path = ContentView.swift; sourceTree = "<group>"; };
		52B3C68B26E6E0E2001A33B1 /* Contents.json */ = {isa = PBXFileReference; lastKnownFileType = text.json; name = Contents.json; path = Assets.xcassets/Contents.json; sourceTree = "<group>"; };
		52B3C68E26E6E0E2001A33B1 /* Preview Assets.xcassets */ = {isa = PBXFileReference; lastKnownFileType = folder.assetcatalog; path = "Preview Assets.xcassets"; sourceTree = "<group>"; };
		52B3C69026E6E0E2001A33B1 /* Info.plist */ = {isa = PBXFileReference; lastKnownFileType = text.plist.xml; path = Info.plist; sourceTree = "<group>"; };
		52B3C69526E6E0E2001A33B1 /* MusicNotepadTests.xctest */ = {isa = PBXFileReference; explicitFileType = wrapper.cfbundle; includeInIndex = 0; path = MusicNotepadTests.xctest; sourceTree = BUILT_PRODUCTS_DIR; };
		52B3C69926E6E0E2001A33B1 /* MusicNotepadTests.swift */ = {isa = PBXFileReference; lastKnownFileType = sourcecode.swift; path = MusicNotepadTests.swift; sourceTree = "<group>"; };
		52B3C69B26E6E0E2001A33B1 /* Info.plist */ = {isa = PBXFileReference; lastKnownFileType = text.plist.xml; path = Info.plist; sourceTree = "<group>"; };
		52B3C6A026E6E0E2001A33B1 /* MusicNotepadUITests.xctest */ = {isa = PBXFileReference; explicitFileType = wrapper.cfbundle; includeInIndex = 0; path = MusicNotepadUITests.xctest; sourceTree = BUILT_PRODUCTS_DIR; };
		52B3C6A426E6E0E2001A33B1 /* MusicNotepadUITests.swift */ = {isa = PBXFileReference; lastKnownFileType = sourcecode.swift; path = MusicNotepadUITests.swift; sourceTree = "<group>"; };
		52B3C6A626E6E0E2001A33B1 /* Info.plist */ = {isa = PBXFileReference; lastKnownFileType = text.plist.xml; path = Info.plist; sourceTree = "<group>"; };
		52B9118E27511CE800905B6B /* InstrumentSettings.swift */ = {isa = PBXFileReference; lastKnownFileType = sourcecode.swift; path = InstrumentSettings.swift; sourceTree = "<group>"; };
		52B9119027512EC800905B6B /* UINavigationBar+Extension.swift */ = {isa = PBXFileReference; lastKnownFileType = sourcecode.swift; path = "UINavigationBar+Extension.swift"; sourceTree = "<group>"; };
		52BD1B64276BF0FB0025781E /* AudioKitUI */ = {isa = PBXFileReference; lastKnownFileType = folder; name = AudioKitUI; path = ../AudioKitUI; sourceTree = "<group>"; };
		52C85ABF26E7D0C60086844D /* UIScreen+Extension.swift */ = {isa = PBXFileReference; lastKnownFileType = sourcecode.swift; path = "UIScreen+Extension.swift"; sourceTree = "<group>"; };
		52CCEE9F274A549A00258EFA /* FilesManager.swift */ = {isa = PBXFileReference; lastKnownFileType = sourcecode.swift; path = FilesManager.swift; sourceTree = "<group>"; };
		52F08CF1276F415600C436FD /* MidiView.swift */ = {isa = PBXFileReference; lastKnownFileType = sourcecode.swift; path = MidiView.swift; sourceTree = "<group>"; };
		52F08CFC276F430900C436FD /* AudioKitUI */ = {isa = PBXFileReference; lastKnownFileType = folder; name = AudioKitUI; path = ../AudioKitUI; sourceTree = "<group>"; };
		52F08CFD276F444B00C436FD /* AudioKitUI */ = {isa = PBXFileReference; lastKnownFileType = folder; name = AudioKitUI; path = ../AudioKitUI; sourceTree = "<group>"; };
		52F08D00276F447600C436FD /* AudioKitUI */ = {isa = PBXFileReference; lastKnownFileType = folder; name = AudioKitUI; path = ../AudioKitUI; sourceTree = "<group>"; };
		52F54CA227411E8200E3DA6C /* AudioManager.swift */ = {isa = PBXFileReference; lastKnownFileType = sourcecode.swift; path = AudioManager.swift; sourceTree = "<group>"; };
/* End PBXFileReference section */

/* Begin PBXFrameworksBuildPhase section */
		52B3C68126E6E0E0001A33B1 /* Frameworks */ = {
			isa = PBXFrameworksBuildPhase;
			buildActionMask = 2147483647;
			files = (
				52F08CFF276F446500C436FD /* AudioKitUI in Frameworks */,
				5239ACE8277E080F00A6CD66 /* STKAudioKit in Frameworks */,
				5239ACEB277E084600A6CD66 /* SoundpipeAudioKit in Frameworks */,
			);
			runOnlyForDeploymentPostprocessing = 0;
		};
		52B3C69226E6E0E2001A33B1 /* Frameworks */ = {
			isa = PBXFrameworksBuildPhase;
			buildActionMask = 2147483647;
			files = (
			);
			runOnlyForDeploymentPostprocessing = 0;
		};
		52B3C69D26E6E0E2001A33B1 /* Frameworks */ = {
			isa = PBXFrameworksBuildPhase;
			buildActionMask = 2147483647;
			files = (
			);
			runOnlyForDeploymentPostprocessing = 0;
		};
/* End PBXFrameworksBuildPhase section */

/* Begin PBXGroup section */
		52135CCF27640A4300E8D3F9 /* Synthesizers */ = {
			isa = PBXGroup;
			children = (
				52135CCD2763E9F800E8D3F9 /* Synthesizer.swift */,
				52135CD027640A5F00E8D3F9 /* PWMSynthesizer.swift */,
				528AC19E2767CA8400F0270A /* WaveMorphedSynthesizer.swift */,
				528AC1A02767CE8000F0270A /* PhaseDisortedSynth.swift */,
			);
			path = Synthesizers;
			sourceTree = "<group>";
		};
		52271E80272403790012EF96 /* Extensions */ = {
			isa = PBXGroup;
			children = (
				52271E7E2724036F0012EF96 /* Date+Extension.swift */,
				52C85ABF26E7D0C60086844D /* UIScreen+Extension.swift */,
				523D682C2741BB4D00E6FEEE /* AVMutableCompositionTrack+Extension.swift */,
				529805AE274950C7002F6158 /* Binding+Extension.swift */,
				52B9119027512EC800905B6B /* UINavigationBar+Extension.swift */,
				521987E2275BE3D80007542C /* Array+Extension.swift */,
				523415C22772B5CE002D6D00 /* MidiNoteData+Extension.swift */,
			);
			path = Extensions;
			sourceTree = "<group>";
		};
		52271E812724038A0012EF96 /* Model */ = {
			isa = PBXGroup;
			children = (
				52135CCF27640A4300E8D3F9 /* Synthesizers */,
				52271E7C272402D00012EF96 /* TrackType.swift */,
				5251DDA326EBDB22004BF9EA /* AudioRecorderManager.swift */,
				526CD0402727602C006A1772 /* ApplicationState.swift */,
				52F54CA227411E8200E3DA6C /* AudioManager.swift */,
				52CCEE9F274A549A00258EFA /* FilesManager.swift */,
				528BD0FD2753B0070038F231 /* MidiConverter.swift */,
				5239ACE4277BDEDB00A6CD66 /* SynthesizerManager.swift */,
			);
			path = Model;
			sourceTree = "<group>";
		};
		52271E82272403C00012EF96 /* View */ = {
			isa = PBXGroup;
			children = (
				528AC1A6276803BE00F0270A /* Buttons */,
				52B3C68926E6E0E0001A33B1 /* ContentView.swift */,
				52B9118E27511CE800905B6B /* InstrumentSettings.swift */,
				521A38112766DD100070FF70 /* CustomSlider.swift */,
				528AC1AA276816E600F0270A /* ProgressBar.swift */,
				52F08CF1276F415600C436FD /* MidiView.swift */,
			);
			path = View;
			sourceTree = "<group>";
		};
		52271E83272403CD0012EF96 /* Other */ = {
			isa = PBXGroup;
			children = (
				52B3C68726E6E0E0001A33B1 /* MusicNotepadApp.swift */,
			);
			path = Other;
			sourceTree = "<group>";
		};
		523E3750271E17EB009CF750 /* Resources */ = {
			isa = PBXGroup;
			children = (
			);
			path = Resources;
			sourceTree = "<group>";
		};
		5254979D2755056D00EDFAC2 /* Frameworks */ = {
			isa = PBXGroup;
			children = (
				5254979E2755056D00EDFAC2 /* Accelerate.framework */,
			);
			name = Frameworks;
			sourceTree = "<group>";
		};
		528AC1A6276803BE00F0270A /* Buttons */ = {
			isa = PBXGroup;
			children = (
				5237FB4827287E3400B1912C /* RoundButton.swift */,
				528AC1A22768034E00F0270A /* BiggerButton.swift */,
				528AC1A42768035D00F0270A /* DarkButtonDynamic.swift */,
			);
			path = Buttons;
			sourceTree = "<group>";
		};
		52B3C67B26E6E0E0001A33B1 = {
			isa = PBXGroup;
			children = (
				52BD1B63276BF0FB0025781E /* Packages */,
				52B3C68626E6E0E0001A33B1 /* MusicNotepad */,
				52B3C69826E6E0E2001A33B1 /* MusicNotepadTests */,
				52B3C6A326E6E0E2001A33B1 /* MusicNotepadUITests */,
				52B3C68526E6E0E0001A33B1 /* Products */,
				5254979D2755056D00EDFAC2 /* Frameworks */,
			);
			sourceTree = "<group>";
		};
		52B3C68526E6E0E0001A33B1 /* Products */ = {
			isa = PBXGroup;
			children = (
				52B3C68426E6E0E0001A33B1 /* MusicNotepad.app */,
				52B3C69526E6E0E2001A33B1 /* MusicNotepadTests.xctest */,
				52B3C6A026E6E0E2001A33B1 /* MusicNotepadUITests.xctest */,
			);
			name = Products;
			sourceTree = "<group>";
		};
		52B3C68626E6E0E0001A33B1 /* MusicNotepad */ = {
			isa = PBXGroup;
			children = (
				520F1A1A273DDB6000627059 /* Assets.xcassets */,
				52271E83272403CD0012EF96 /* Other */,
				52271E82272403C00012EF96 /* View */,
				52271E812724038A0012EF96 /* Model */,
				52271E80272403790012EF96 /* Extensions */,
				523E3750271E17EB009CF750 /* Resources */,
				52B3C68B26E6E0E2001A33B1 /* Contents.json */,
				52B3C69026E6E0E2001A33B1 /* Info.plist */,
				52B3C68D26E6E0E2001A33B1 /* Preview Content */,
			);
			path = MusicNotepad;
			sourceTree = "<group>";
		};
		52B3C68D26E6E0E2001A33B1 /* Preview Content */ = {
			isa = PBXGroup;
			children = (
				52B3C68E26E6E0E2001A33B1 /* Preview Assets.xcassets */,
			);
			path = "Preview Content";
			sourceTree = "<group>";
		};
		52B3C69826E6E0E2001A33B1 /* MusicNotepadTests */ = {
			isa = PBXGroup;
			children = (
				52B3C69926E6E0E2001A33B1 /* MusicNotepadTests.swift */,
				52B3C69B26E6E0E2001A33B1 /* Info.plist */,
			);
			path = MusicNotepadTests;
			sourceTree = "<group>";
		};
		52B3C6A326E6E0E2001A33B1 /* MusicNotepadUITests */ = {
			isa = PBXGroup;
			children = (
				52B3C6A426E6E0E2001A33B1 /* MusicNotepadUITests.swift */,
				52B3C6A626E6E0E2001A33B1 /* Info.plist */,
			);
			path = MusicNotepadUITests;
			sourceTree = "<group>";
		};
		52BD1B63276BF0FB0025781E /* Packages */ = {
			isa = PBXGroup;
			children = (
				52BD1B64276BF0FB0025781E /* AudioKitUI */,
				52F08CFC276F430900C436FD /* AudioKitUI */,
				52F08CFD276F444B00C436FD /* AudioKitUI */,
				52F08D00276F447600C436FD /* AudioKitUI */,
			);
			name = Packages;
			sourceTree = "<group>";
		};
/* End PBXGroup section */

/* Begin PBXNativeTarget section */
		52B3C68326E6E0E0001A33B1 /* MusicNotepad */ = {
			isa = PBXNativeTarget;
			buildConfigurationList = 52B3C6A926E6E0E2001A33B1 /* Build configuration list for PBXNativeTarget "MusicNotepad" */;
			buildPhases = (
				52B3C68026E6E0E0001A33B1 /* Sources */,
				52B3C68126E6E0E0001A33B1 /* Frameworks */,
				52B3C68226E6E0E0001A33B1 /* Resources */,
			);
			buildRules = (
			);
			dependencies = (
			);
			name = MusicNotepad;
			packageProductDependencies = (
				52F08CFE276F446500C436FD /* AudioKitUI */,
				5239ACE7277E080F00A6CD66 /* STKAudioKit */,
				5239ACEA277E084600A6CD66 /* SoundpipeAudioKit */,
			);
			productName = MusicNotepad;
			productReference = 52B3C68426E6E0E0001A33B1 /* MusicNotepad.app */;
			productType = "com.apple.product-type.application";
		};
		52B3C69426E6E0E2001A33B1 /* MusicNotepadTests */ = {
			isa = PBXNativeTarget;
			buildConfigurationList = 52B3C6AC26E6E0E2001A33B1 /* Build configuration list for PBXNativeTarget "MusicNotepadTests" */;
			buildPhases = (
				52B3C69126E6E0E2001A33B1 /* Sources */,
				52B3C69226E6E0E2001A33B1 /* Frameworks */,
				52B3C69326E6E0E2001A33B1 /* Resources */,
			);
			buildRules = (
			);
			dependencies = (
				52B3C69726E6E0E2001A33B1 /* PBXTargetDependency */,
			);
			name = MusicNotepadTests;
			productName = MusicNotepadTests;
			productReference = 52B3C69526E6E0E2001A33B1 /* MusicNotepadTests.xctest */;
			productType = "com.apple.product-type.bundle.unit-test";
		};
		52B3C69F26E6E0E2001A33B1 /* MusicNotepadUITests */ = {
			isa = PBXNativeTarget;
			buildConfigurationList = 52B3C6AF26E6E0E2001A33B1 /* Build configuration list for PBXNativeTarget "MusicNotepadUITests" */;
			buildPhases = (
				52B3C69C26E6E0E2001A33B1 /* Sources */,
				52B3C69D26E6E0E2001A33B1 /* Frameworks */,
				52B3C69E26E6E0E2001A33B1 /* Resources */,
			);
			buildRules = (
			);
			dependencies = (
				52B3C6A226E6E0E2001A33B1 /* PBXTargetDependency */,
			);
			name = MusicNotepadUITests;
			productName = MusicNotepadUITests;
			productReference = 52B3C6A026E6E0E2001A33B1 /* MusicNotepadUITests.xctest */;
			productType = "com.apple.product-type.bundle.ui-testing";
		};
/* End PBXNativeTarget section */

/* Begin PBXProject section */
		52B3C67C26E6E0E0001A33B1 /* Project object */ = {
			isa = PBXProject;
			attributes = {
				KnownAssetTags = (
					MetronomeSounds,
				);
				LastSwiftUpdateCheck = 1250;
				LastUpgradeCheck = 1250;
				TargetAttributes = {
					52B3C68326E6E0E0001A33B1 = {
						CreatedOnToolsVersion = 12.5.1;
					};
					52B3C69426E6E0E2001A33B1 = {
						CreatedOnToolsVersion = 12.5.1;
						TestTargetID = 52B3C68326E6E0E0001A33B1;
					};
					52B3C69F26E6E0E2001A33B1 = {
						CreatedOnToolsVersion = 12.5.1;
						TestTargetID = 52B3C68326E6E0E0001A33B1;
					};
				};
			};
			buildConfigurationList = 52B3C67F26E6E0E0001A33B1 /* Build configuration list for PBXProject "MusicNotepad" */;
			compatibilityVersion = "Xcode 9.3";
			developmentRegion = en;
			hasScannedForEncodings = 0;
			knownRegions = (
				en,
				Base,
			);
			mainGroup = 52B3C67B26E6E0E0001A33B1;
			packageReferences = (
				5239ACE6277E080F00A6CD66 /* XCRemoteSwiftPackageReference "STKAudioKit" */,
				5239ACE9277E084600A6CD66 /* XCRemoteSwiftPackageReference "SoundpipeAudioKit" */,
			);
			productRefGroup = 52B3C68526E6E0E0001A33B1 /* Products */;
			projectDirPath = "";
			projectRoot = "";
			targets = (
				52B3C68326E6E0E0001A33B1 /* MusicNotepad */,
				52B3C69426E6E0E2001A33B1 /* MusicNotepadTests */,
				52B3C69F26E6E0E2001A33B1 /* MusicNotepadUITests */,
			);
		};
/* End PBXProject section */

/* Begin PBXResourcesBuildPhase section */
		52B3C68226E6E0E0001A33B1 /* Resources */ = {
			isa = PBXResourcesBuildPhase;
			buildActionMask = 2147483647;
			files = (
				52B3C68F26E6E0E2001A33B1 /* Preview Assets.xcassets in Resources */,
				52B3C68C26E6E0E2001A33B1 /* Contents.json in Resources */,
				520F1A1B273DDB6000627059 /* Assets.xcassets in Resources */,
			);
			runOnlyForDeploymentPostprocessing = 0;
		};
		52B3C69326E6E0E2001A33B1 /* Resources */ = {
			isa = PBXResourcesBuildPhase;
			buildActionMask = 2147483647;
			files = (
			);
			runOnlyForDeploymentPostprocessing = 0;
		};
		52B3C69E26E6E0E2001A33B1 /* Resources */ = {
			isa = PBXResourcesBuildPhase;
			buildActionMask = 2147483647;
			files = (
			);
			runOnlyForDeploymentPostprocessing = 0;
		};
/* End PBXResourcesBuildPhase section */

/* Begin PBXSourcesBuildPhase section */
		52B3C68026E6E0E0001A33B1 /* Sources */ = {
			isa = PBXSourcesBuildPhase;
			buildActionMask = 2147483647;
			files = (
				52B9118F27511CE800905B6B /* InstrumentSettings.swift in Sources */,
				52F54CA327411E8200E3DA6C /* AudioManager.swift in Sources */,
				52F08CF2276F415600C436FD /* MidiView.swift in Sources */,
				528AC1A32768034E00F0270A /* BiggerButton.swift in Sources */,
				5239ACE5277BDEDB00A6CD66 /* SynthesizerManager.swift in Sources */,
				52135CCE2763E9F800E8D3F9 /* Synthesizer.swift in Sources */,
				52B3C68A26E6E0E0001A33B1 /* ContentView.swift in Sources */,
				52B3C68826E6E0E0001A33B1 /* MusicNotepadApp.swift in Sources */,
				523D682D2741BB4D00E6FEEE /* AVMutableCompositionTrack+Extension.swift in Sources */,
				528AC1A12767CE8000F0270A /* PhaseDisortedSynth.swift in Sources */,
				523415C32772B5CE002D6D00 /* MidiNoteData+Extension.swift in Sources */,
				52B9119127512EC800905B6B /* UINavigationBar+Extension.swift in Sources */,
				528BD0FE2753B0070038F231 /* MidiConverter.swift in Sources */,
				52135CD127640A5F00E8D3F9 /* PWMSynthesizer.swift in Sources */,
				521987E3275BE3D80007542C /* Array+Extension.swift in Sources */,
				5251DDA426EBDB22004BF9EA /* AudioRecorderManager.swift in Sources */,
				5237FB4927287E3400B1912C /* RoundButton.swift in Sources */,
				529805AF274950C7002F6158 /* Binding+Extension.swift in Sources */,
				52C85AC026E7D0C60086844D /* UIScreen+Extension.swift in Sources */,
				521A38122766DD100070FF70 /* CustomSlider.swift in Sources */,
				528AC1A52768035D00F0270A /* DarkButtonDynamic.swift in Sources */,
				52271E7F2724036F0012EF96 /* Date+Extension.swift in Sources */,
				528AC19F2767CA8400F0270A /* WaveMorphedSynthesizer.swift in Sources */,
				52271E7D272402D00012EF96 /* TrackType.swift in Sources */,
				526CD0412727602C006A1772 /* ApplicationState.swift in Sources */,
				528AC1AB276816E600F0270A /* ProgressBar.swift in Sources */,
				52CCEEA0274A549A00258EFA /* FilesManager.swift in Sources */,
			);
			runOnlyForDeploymentPostprocessing = 0;
		};
		52B3C69126E6E0E2001A33B1 /* Sources */ = {
			isa = PBXSourcesBuildPhase;
			buildActionMask = 2147483647;
			files = (
				526CD0422727602C006A1772 /* ApplicationState.swift in Sources */,
				52B3C69A26E6E0E2001A33B1 /* MusicNotepadTests.swift in Sources */,
			);
			runOnlyForDeploymentPostprocessing = 0;
		};
		52B3C69C26E6E0E2001A33B1 /* Sources */ = {
			isa = PBXSourcesBuildPhase;
			buildActionMask = 2147483647;
			files = (
				526CD0432727602C006A1772 /* ApplicationState.swift in Sources */,
				52B3C6A526E6E0E2001A33B1 /* MusicNotepadUITests.swift in Sources */,
			);
			runOnlyForDeploymentPostprocessing = 0;
		};
/* End PBXSourcesBuildPhase section */

/* Begin PBXTargetDependency section */
		52B3C69726E6E0E2001A33B1 /* PBXTargetDependency */ = {
			isa = PBXTargetDependency;
			target = 52B3C68326E6E0E0001A33B1 /* MusicNotepad */;
			targetProxy = 52B3C69626E6E0E2001A33B1 /* PBXContainerItemProxy */;
		};
		52B3C6A226E6E0E2001A33B1 /* PBXTargetDependency */ = {
			isa = PBXTargetDependency;
			target = 52B3C68326E6E0E0001A33B1 /* MusicNotepad */;
			targetProxy = 52B3C6A126E6E0E2001A33B1 /* PBXContainerItemProxy */;
		};
/* End PBXTargetDependency section */

/* Begin XCBuildConfiguration section */
		52B3C6A726E6E0E2001A33B1 /* Debug */ = {
			isa = XCBuildConfiguration;
			buildSettings = {
				ALWAYS_SEARCH_USER_PATHS = NO;
				CLANG_ANALYZER_NONNULL = YES;
				CLANG_ANALYZER_NUMBER_OBJECT_CONVERSION = YES_AGGRESSIVE;
				CLANG_CXX_LANGUAGE_STANDARD = "gnu++14";
				CLANG_CXX_LIBRARY = "libc++";
				CLANG_ENABLE_MODULES = YES;
				CLANG_ENABLE_OBJC_ARC = YES;
				CLANG_ENABLE_OBJC_WEAK = YES;
				CLANG_WARN_BLOCK_CAPTURE_AUTORELEASING = YES;
				CLANG_WARN_BOOL_CONVERSION = YES;
				CLANG_WARN_COMMA = YES;
				CLANG_WARN_CONSTANT_CONVERSION = YES;
				CLANG_WARN_DEPRECATED_OBJC_IMPLEMENTATIONS = YES;
				CLANG_WARN_DIRECT_OBJC_ISA_USAGE = YES_ERROR;
				CLANG_WARN_DOCUMENTATION_COMMENTS = YES;
				CLANG_WARN_EMPTY_BODY = YES;
				CLANG_WARN_ENUM_CONVERSION = YES;
				CLANG_WARN_INFINITE_RECURSION = YES;
				CLANG_WARN_INT_CONVERSION = YES;
				CLANG_WARN_NON_LITERAL_NULL_CONVERSION = YES;
				CLANG_WARN_OBJC_IMPLICIT_RETAIN_SELF = YES;
				CLANG_WARN_OBJC_LITERAL_CONVERSION = YES;
				CLANG_WARN_OBJC_ROOT_CLASS = YES_ERROR;
				CLANG_WARN_QUOTED_INCLUDE_IN_FRAMEWORK_HEADER = YES;
				CLANG_WARN_RANGE_LOOP_ANALYSIS = YES;
				CLANG_WARN_STRICT_PROTOTYPES = YES;
				CLANG_WARN_SUSPICIOUS_MOVE = YES;
				CLANG_WARN_UNGUARDED_AVAILABILITY = YES_AGGRESSIVE;
				CLANG_WARN_UNREACHABLE_CODE = YES;
				CLANG_WARN__DUPLICATE_METHOD_MATCH = YES;
				COPY_PHASE_STRIP = NO;
				DEBUG_INFORMATION_FORMAT = dwarf;
				ENABLE_STRICT_OBJC_MSGSEND = YES;
				ENABLE_TESTABILITY = YES;
				GCC_C_LANGUAGE_STANDARD = gnu11;
				GCC_DYNAMIC_NO_PIC = NO;
				GCC_NO_COMMON_BLOCKS = YES;
				GCC_OPTIMIZATION_LEVEL = 0;
				GCC_PREPROCESSOR_DEFINITIONS = (
					"DEBUG=1",
					"$(inherited)",
				);
				GCC_WARN_64_TO_32_BIT_CONVERSION = YES;
				GCC_WARN_ABOUT_RETURN_TYPE = YES_ERROR;
				GCC_WARN_UNDECLARED_SELECTOR = YES;
				GCC_WARN_UNINITIALIZED_AUTOS = YES_AGGRESSIVE;
				GCC_WARN_UNUSED_FUNCTION = YES;
				GCC_WARN_UNUSED_VARIABLE = YES;
				IPHONEOS_DEPLOYMENT_TARGET = 14.4;
				MTL_ENABLE_DEBUG_INFO = INCLUDE_SOURCE;
				MTL_FAST_MATH = YES;
				ONLY_ACTIVE_ARCH = YES;
				SDKROOT = iphoneos;
				SWIFT_ACTIVE_COMPILATION_CONDITIONS = DEBUG;
				SWIFT_OPTIMIZATION_LEVEL = "-Onone";
			};
			name = Debug;
		};
		52B3C6A826E6E0E2001A33B1 /* Release */ = {
			isa = XCBuildConfiguration;
			buildSettings = {
				ALWAYS_SEARCH_USER_PATHS = NO;
				CLANG_ANALYZER_NONNULL = YES;
				CLANG_ANALYZER_NUMBER_OBJECT_CONVERSION = YES_AGGRESSIVE;
				CLANG_CXX_LANGUAGE_STANDARD = "gnu++14";
				CLANG_CXX_LIBRARY = "libc++";
				CLANG_ENABLE_MODULES = YES;
				CLANG_ENABLE_OBJC_ARC = YES;
				CLANG_ENABLE_OBJC_WEAK = YES;
				CLANG_WARN_BLOCK_CAPTURE_AUTORELEASING = YES;
				CLANG_WARN_BOOL_CONVERSION = YES;
				CLANG_WARN_COMMA = YES;
				CLANG_WARN_CONSTANT_CONVERSION = YES;
				CLANG_WARN_DEPRECATED_OBJC_IMPLEMENTATIONS = YES;
				CLANG_WARN_DIRECT_OBJC_ISA_USAGE = YES_ERROR;
				CLANG_WARN_DOCUMENTATION_COMMENTS = YES;
				CLANG_WARN_EMPTY_BODY = YES;
				CLANG_WARN_ENUM_CONVERSION = YES;
				CLANG_WARN_INFINITE_RECURSION = YES;
				CLANG_WARN_INT_CONVERSION = YES;
				CLANG_WARN_NON_LITERAL_NULL_CONVERSION = YES;
				CLANG_WARN_OBJC_IMPLICIT_RETAIN_SELF = YES;
				CLANG_WARN_OBJC_LITERAL_CONVERSION = YES;
				CLANG_WARN_OBJC_ROOT_CLASS = YES_ERROR;
				CLANG_WARN_QUOTED_INCLUDE_IN_FRAMEWORK_HEADER = YES;
				CLANG_WARN_RANGE_LOOP_ANALYSIS = YES;
				CLANG_WARN_STRICT_PROTOTYPES = YES;
				CLANG_WARN_SUSPICIOUS_MOVE = YES;
				CLANG_WARN_UNGUARDED_AVAILABILITY = YES_AGGRESSIVE;
				CLANG_WARN_UNREACHABLE_CODE = YES;
				CLANG_WARN__DUPLICATE_METHOD_MATCH = YES;
				COPY_PHASE_STRIP = NO;
				DEBUG_INFORMATION_FORMAT = "dwarf-with-dsym";
				ENABLE_NS_ASSERTIONS = NO;
				ENABLE_STRICT_OBJC_MSGSEND = YES;
				GCC_C_LANGUAGE_STANDARD = gnu11;
				GCC_NO_COMMON_BLOCKS = YES;
				GCC_WARN_64_TO_32_BIT_CONVERSION = YES;
				GCC_WARN_ABOUT_RETURN_TYPE = YES_ERROR;
				GCC_WARN_UNDECLARED_SELECTOR = YES;
				GCC_WARN_UNINITIALIZED_AUTOS = YES_AGGRESSIVE;
				GCC_WARN_UNUSED_FUNCTION = YES;
				GCC_WARN_UNUSED_VARIABLE = YES;
				IPHONEOS_DEPLOYMENT_TARGET = 14.4;
				MTL_ENABLE_DEBUG_INFO = NO;
				MTL_FAST_MATH = YES;
				SDKROOT = iphoneos;
				SWIFT_COMPILATION_MODE = wholemodule;
				SWIFT_OPTIMIZATION_LEVEL = "-O";
				VALIDATE_PRODUCT = YES;
			};
			name = Release;
		};
		52B3C6AA26E6E0E2001A33B1 /* Debug */ = {
			isa = XCBuildConfiguration;
			buildSettings = {
				ASSETCATALOG_COMPILER_APPICON_NAME = AppIcon;
				ASSETCATALOG_COMPILER_GLOBAL_ACCENT_COLOR_NAME = AccentColor;
				ASSETCATALOG_COMPILER_INCLUDE_ALL_APPICON_ASSETS = YES;
				CODE_SIGN_STYLE = Automatic;
				DEVELOPMENT_ASSET_PATHS = "\"MusicNotepad/Preview Content\"";
				DEVELOPMENT_TEAM = 2Z6JF4HPFL;
				ENABLE_PREVIEWS = YES;
				INFOPLIST_FILE = MusicNotepad/Info.plist;
				IPHONEOS_DEPLOYMENT_TARGET = 14.4;
				LD_RUNPATH_SEARCH_PATHS = (
					"$(inherited)",
					"@executable_path/Frameworks",
				);
				PRODUCT_BUNDLE_IDENTIFIER = em.MusicNotepad;
				PRODUCT_NAME = "$(TARGET_NAME)";
				SWIFT_VERSION = 5.0;
				TARGETED_DEVICE_FAMILY = "1,2";
			};
			name = Debug;
		};
		52B3C6AB26E6E0E2001A33B1 /* Release */ = {
			isa = XCBuildConfiguration;
			buildSettings = {
				ASSETCATALOG_COMPILER_APPICON_NAME = AppIcon;
				ASSETCATALOG_COMPILER_GLOBAL_ACCENT_COLOR_NAME = AccentColor;
				ASSETCATALOG_COMPILER_INCLUDE_ALL_APPICON_ASSETS = YES;
				CODE_SIGN_STYLE = Automatic;
				DEVELOPMENT_ASSET_PATHS = "\"MusicNotepad/Preview Content\"";
				DEVELOPMENT_TEAM = 2Z6JF4HPFL;
				ENABLE_PREVIEWS = YES;
				INFOPLIST_FILE = MusicNotepad/Info.plist;
				IPHONEOS_DEPLOYMENT_TARGET = 14.4;
				LD_RUNPATH_SEARCH_PATHS = (
					"$(inherited)",
					"@executable_path/Frameworks",
				);
				PRODUCT_BUNDLE_IDENTIFIER = em.MusicNotepad;
				PRODUCT_NAME = "$(TARGET_NAME)";
				SWIFT_VERSION = 5.0;
				TARGETED_DEVICE_FAMILY = "1,2";
			};
			name = Release;
		};
		52B3C6AD26E6E0E2001A33B1 /* Debug */ = {
			isa = XCBuildConfiguration;
			buildSettings = {
				ALWAYS_EMBED_SWIFT_STANDARD_LIBRARIES = YES;
				BUNDLE_LOADER = "$(TEST_HOST)";
				CODE_SIGN_STYLE = Automatic;
				DEVELOPMENT_TEAM = 2Z6JF4HPFL;
				INFOPLIST_FILE = MusicNotepadTests/Info.plist;
				IPHONEOS_DEPLOYMENT_TARGET = 14.4;
				LD_RUNPATH_SEARCH_PATHS = (
					"$(inherited)",
					"@executable_path/Frameworks",
					"@loader_path/Frameworks",
				);
				PRODUCT_BUNDLE_IDENTIFIER = em.MusicNotepadTests;
				PRODUCT_NAME = "$(TARGET_NAME)";
				SWIFT_VERSION = 5.0;
				TARGETED_DEVICE_FAMILY = "1,2";
				TEST_HOST = "$(BUILT_PRODUCTS_DIR)/MusicNotepad.app/MusicNotepad";
			};
			name = Debug;
		};
		52B3C6AE26E6E0E2001A33B1 /* Release */ = {
			isa = XCBuildConfiguration;
			buildSettings = {
				ALWAYS_EMBED_SWIFT_STANDARD_LIBRARIES = YES;
				BUNDLE_LOADER = "$(TEST_HOST)";
				CODE_SIGN_STYLE = Automatic;
				DEVELOPMENT_TEAM = 2Z6JF4HPFL;
				INFOPLIST_FILE = MusicNotepadTests/Info.plist;
				IPHONEOS_DEPLOYMENT_TARGET = 14.4;
				LD_RUNPATH_SEARCH_PATHS = (
					"$(inherited)",
					"@executable_path/Frameworks",
					"@loader_path/Frameworks",
				);
				PRODUCT_BUNDLE_IDENTIFIER = em.MusicNotepadTests;
				PRODUCT_NAME = "$(TARGET_NAME)";
				SWIFT_VERSION = 5.0;
				TARGETED_DEVICE_FAMILY = "1,2";
				TEST_HOST = "$(BUILT_PRODUCTS_DIR)/MusicNotepad.app/MusicNotepad";
			};
			name = Release;
		};
		52B3C6B026E6E0E2001A33B1 /* Debug */ = {
			isa = XCBuildConfiguration;
			buildSettings = {
				ALWAYS_EMBED_SWIFT_STANDARD_LIBRARIES = YES;
				CODE_SIGN_STYLE = Automatic;
				DEVELOPMENT_TEAM = 2Z6JF4HPFL;
				INFOPLIST_FILE = MusicNotepadUITests/Info.plist;
				LD_RUNPATH_SEARCH_PATHS = (
					"$(inherited)",
					"@executable_path/Frameworks",
					"@loader_path/Frameworks",
				);
				PRODUCT_BUNDLE_IDENTIFIER = em.MusicNotepadUITests;
				PRODUCT_NAME = "$(TARGET_NAME)";
				SWIFT_VERSION = 5.0;
				TARGETED_DEVICE_FAMILY = "1,2";
				TEST_TARGET_NAME = MusicNotepad;
			};
			name = Debug;
		};
		52B3C6B126E6E0E2001A33B1 /* Release */ = {
			isa = XCBuildConfiguration;
			buildSettings = {
				ALWAYS_EMBED_SWIFT_STANDARD_LIBRARIES = YES;
				CODE_SIGN_STYLE = Automatic;
				DEVELOPMENT_TEAM = 2Z6JF4HPFL;
				INFOPLIST_FILE = MusicNotepadUITests/Info.plist;
				LD_RUNPATH_SEARCH_PATHS = (
					"$(inherited)",
					"@executable_path/Frameworks",
					"@loader_path/Frameworks",
				);
				PRODUCT_BUNDLE_IDENTIFIER = em.MusicNotepadUITests;
				PRODUCT_NAME = "$(TARGET_NAME)";
				SWIFT_VERSION = 5.0;
				TARGETED_DEVICE_FAMILY = "1,2";
				TEST_TARGET_NAME = MusicNotepad;
			};
			name = Release;
		};
/* End XCBuildConfiguration section */

/* Begin XCConfigurationList section */
		52B3C67F26E6E0E0001A33B1 /* Build configuration list for PBXProject "MusicNotepad" */ = {
			isa = XCConfigurationList;
			buildConfigurations = (
				52B3C6A726E6E0E2001A33B1 /* Debug */,
				52B3C6A826E6E0E2001A33B1 /* Release */,
			);
			defaultConfigurationIsVisible = 0;
			defaultConfigurationName = Release;
		};
		52B3C6A926E6E0E2001A33B1 /* Build configuration list for PBXNativeTarget "MusicNotepad" */ = {
			isa = XCConfigurationList;
			buildConfigurations = (
				52B3C6AA26E6E0E2001A33B1 /* Debug */,
				52B3C6AB26E6E0E2001A33B1 /* Release */,
			);
			defaultConfigurationIsVisible = 0;
			defaultConfigurationName = Release;
		};
		52B3C6AC26E6E0E2001A33B1 /* Build configuration list for PBXNativeTarget "MusicNotepadTests" */ = {
			isa = XCConfigurationList;
			buildConfigurations = (
				52B3C6AD26E6E0E2001A33B1 /* Debug */,
				52B3C6AE26E6E0E2001A33B1 /* Release */,
			);
			defaultConfigurationIsVisible = 0;
			defaultConfigurationName = Release;
		};
		52B3C6AF26E6E0E2001A33B1 /* Build configuration list for PBXNativeTarget "MusicNotepadUITests" */ = {
			isa = XCConfigurationList;
			buildConfigurations = (
				52B3C6B026E6E0E2001A33B1 /* Debug */,
				52B3C6B126E6E0E2001A33B1 /* Release */,
			);
			defaultConfigurationIsVisible = 0;
			defaultConfigurationName = Release;
		};
/* End XCConfigurationList section */

/* Begin XCRemoteSwiftPackageReference section */
		5239ACE6277E080F00A6CD66 /* XCRemoteSwiftPackageReference "STKAudioKit" */ = {
			isa = XCRemoteSwiftPackageReference;
			repositoryURL = "https://github.com/AudioKit/STKAudioKit.git";
			requirement = {
				kind = upToNextMajorVersion;
				minimumVersion = 5.0.0;
			};
		};
		5239ACE9277E084600A6CD66 /* XCRemoteSwiftPackageReference "SoundpipeAudioKit" */ = {
			isa = XCRemoteSwiftPackageReference;
			repositoryURL = "https://github.com/AudioKit/SoundpipeAudioKit.git";
			requirement = {
				branch = main;
				kind = branch;
			};
		};
/* End XCRemoteSwiftPackageReference section */

/* Begin XCSwiftPackageProductDependency section */
		5239ACE7277E080F00A6CD66 /* STKAudioKit */ = {
			isa = XCSwiftPackageProductDependency;
			package = 5239ACE6277E080F00A6CD66 /* XCRemoteSwiftPackageReference "STKAudioKit" */;
			productName = STKAudioKit;
		};
		5239ACEA277E084600A6CD66 /* SoundpipeAudioKit */ = {
			isa = XCSwiftPackageProductDependency;
			package = 5239ACE9277E084600A6CD66 /* XCRemoteSwiftPackageReference "SoundpipeAudioKit" */;
			productName = SoundpipeAudioKit;
		};
		52F08CFE276F446500C436FD /* AudioKitUI */ = {
			isa = XCSwiftPackageProductDependency;
			productName = AudioKitUI;
		};
/* End XCSwiftPackageProductDependency section */
	};
	rootObject = 52B3C67C26E6E0E0001A33B1 /* Project object */;
}
